// !$*UTF8*$!
{
	archiveVersion = 1;
	classes = {
	};
	objectVersion = 46;
	objects = {

/* Begin PBXBuildFile section */
		FDCCC0231C46797C0011E7B2 /* ToDoItem.m in Sources */ = {isa = PBXBuildFile; fileRef = FDCCC0221C46797C0011E7B2 /* ToDoItem.m */; };
		FDED9D4B1C429C0D0079BFC5 /* main.m in Sources */ = {isa = PBXBuildFile; fileRef = FDED9D4A1C429C0D0079BFC5 /* main.m */; };
		FDED9D4E1C429C0D0079BFC5 /* AppDelegate.m in Sources */ = {isa = PBXBuildFile; fileRef = FDED9D4D1C429C0D0079BFC5 /* AppDelegate.m */; };
		FDED9D541C429C0D0079BFC5 /* Main.storyboard in Resources */ = {isa = PBXBuildFile; fileRef = FDED9D521C429C0D0079BFC5 /* Main.storyboard */; };
		FDED9D561C429C0D0079BFC5 /* Assets.xcassets in Resources */ = {isa = PBXBuildFile; fileRef = FDED9D551C429C0D0079BFC5 /* Assets.xcassets */; };
		FDED9D591C429C0D0079BFC5 /* LaunchScreen.storyboard in Resources */ = {isa = PBXBuildFile; fileRef = FDED9D571C429C0D0079BFC5 /* LaunchScreen.storyboard */; };
		FDED9D621C42A9CC0079BFC5 /* AddToDoItemViewController.m in Sources */ = {isa = PBXBuildFile; fileRef = FDED9D611C42A9CC0079BFC5 /* AddToDoItemViewController.m */; };
		FDED9D651C42AC490079BFC5 /* ToDoListViewController.m in Sources */ = {isa = PBXBuildFile; fileRef = FDED9D641C42AC490079BFC5 /* ToDoListViewController.m */; };
/* End PBXBuildFile section */

/* Begin PBXFileReference section */
		FDCCC0211C46797C0011E7B2 /* ToDoItem.h */ = {isa = PBXFileReference; fileEncoding = 4; lastKnownFileType = sourcecode.c.h; path = ToDoItem.h; sourceTree = "<group>"; };
		FDCCC0221C46797C0011E7B2 /* ToDoItem.m */ = {isa = PBXFileReference; fileEncoding = 4; lastKnownFileType = sourcecode.c.objc; path = ToDoItem.m; sourceTree = "<group>"; };
		FDED9D461C429C0D0079BFC5 /* FirstAppTest.app */ = {isa = PBXFileReference; explicitFileType = wrapper.application; includeInIndex = 0; path = FirstAppTest.app; sourceTree = BUILT_PRODUCTS_DIR; };
		FDED9D4A1C429C0D0079BFC5 /* main.m */ = {isa = PBXFileReference; lastKnownFileType = sourcecode.c.objc; path = main.m; sourceTree = "<group>"; };
		FDED9D4C1C429C0D0079BFC5 /* AppDelegate.h */ = {isa = PBXFileReference; lastKnownFileType = sourcecode.c.h; path = AppDelegate.h; sourceTree = "<group>"; };
		FDED9D4D1C429C0D0079BFC5 /* AppDelegate.m */ = {isa = PBXFileReference; lastKnownFileType = sourcecode.c.objc; path = AppDelegate.m; sourceTree = "<group>"; };
		FDED9D531C429C0D0079BFC5 /* Base */ = {isa = PBXFileReference; lastKnownFileType = file.storyboard; name = Base; path = Base.lproj/Main.storyboard; sourceTree = "<group>"; };
		FDED9D551C429C0D0079BFC5 /* Assets.xcassets */ = {isa = PBXFileReference; lastKnownFileType = folder.assetcatalog; path = Assets.xcassets; sourceTree = "<group>"; };
		FDED9D581C429C0D0079BFC5 /* Base */ = {isa = PBXFileReference; lastKnownFileType = file.storyboard; name = Base; path = Base.lproj/LaunchScreen.storyboard; sourceTree = "<group>"; };
		FDED9D5A1C429C0D0079BFC5 /* Info.plist */ = {isa = PBXFileReference; lastKnownFileType = text.plist.xml; path = Info.plist; sourceTree = "<group>"; };
		FDED9D601C42A9CC0079BFC5 /* AddToDoItemViewController.h */ = {isa = PBXFileReference; fileEncoding = 4; lastKnownFileType = sourcecode.c.h; path = AddToDoItemViewController.h; sourceTree = "<group>"; };
		FDED9D611C42A9CC0079BFC5 /* AddToDoItemViewController.m */ = {isa = PBXFileReference; fileEncoding = 4; lastKnownFileType = sourcecode.c.objc; path = AddToDoItemViewController.m; sourceTree = "<group>"; };
		FDED9D631C42AC490079BFC5 /* ToDoListViewController.h */ = {isa = PBXFileReference; fileEncoding = 4; lastKnownFileType = sourcecode.c.h; path = ToDoListViewController.h; sourceTree = "<group>"; };
		FDED9D641C42AC490079BFC5 /* ToDoListViewController.m */ = {isa = PBXFileReference; fileEncoding = 4; lastKnownFileType = sourcecode.c.objc; path = ToDoListViewController.m; sourceTree = "<group>"; };
/* End PBXFileReference section */

/* Begin PBXFrameworksBuildPhase section */
		FDED9D431C429C0D0079BFC5 /* Frameworks */ = {
			isa = PBXFrameworksBuildPhase;
			buildActionMask = 2147483647;
			files = (
			);
			runOnlyForDeploymentPostprocessing = 0;
		};
/* End PBXFrameworksBuildPhase section */

/* Begin PBXGroup section */
		FDED9D3D1C429C0D0079BFC5 = {
			isa = PBXGroup;
			children = (
				FDED9D481C429C0D0079BFC5 /* FirstAppTest */,
				FDED9D471C429C0D0079BFC5 /* Products */,
			);
			sourceTree = "<group>";
		};
		FDED9D471C429C0D0079BFC5 /* Products */ = {
			isa = PBXGroup;
			children = (
				FDED9D461C429C0D0079BFC5 /* FirstAppTest.app */,
			);
			name = Products;
			sourceTree = "<group>";
		};
		FDED9D481C429C0D0079BFC5 /* FirstAppTest */ = {
			isa = PBXGroup;
			children = (
				FDED9D4C1C429C0D0079BFC5 /* AppDelegate.h */,
				FDED9D4D1C429C0D0079BFC5 /* AppDelegate.m */,
				FDED9D601C42A9CC0079BFC5 /* AddToDoItemViewController.h */,
				FDED9D611C42A9CC0079BFC5 /* AddToDoItemViewController.m */,
				FDED9D631C42AC490079BFC5 /* ToDoListViewController.h */,
				FDED9D641C42AC490079BFC5 /* ToDoListViewController.m */,
				FDCCC0211C46797C0011E7B2 /* ToDoItem.h */,
				FDCCC0221C46797C0011E7B2 /* ToDoItem.m */,
				FDED9D521C429C0D0079BFC5 /* Main.storyboard */,
				FDED9D551C429C0D0079BFC5 /* Assets.xcassets */,
				FDED9D571C429C0D0079BFC5 /* LaunchScreen.storyboard */,
				FDED9D5A1C429C0D0079BFC5 /* Info.plist */,
				FDED9D491C429C0D0079BFC5 /* Supporting Files */,
			);
			path = FirstAppTest;
			sourceTree = "<group>";
		};
		FDED9D491C429C0D0079BFC5 /* Supporting Files */ = {
			isa = PBXGroup;
			children = (
				FDED9D4A1C429C0D0079BFC5 /* main.m */,
			);
			name = "Supporting Files";
			sourceTree = "<group>";
		};
/* End PBXGroup section */

/* Begin PBXNativeTarget section */
		FDED9D451C429C0D0079BFC5 /* FirstAppTest */ = {
			isa = PBXNativeTarget;
			buildConfigurationList = FDED9D5D1C429C0D0079BFC5 /* Build configuration list for PBXNativeTarget "FirstAppTest" */;
			buildPhases = (
				FDED9D421C429C0D0079BFC5 /* Sources */,
				FDED9D431C429C0D0079BFC5 /* Frameworks */,
				FDED9D441C429C0D0079BFC5 /* Resources */,
			);
			buildRules = (
			);
			dependencies = (
			);
			name = FirstAppTest;
			productName = FirstAppTest;
			productReference = FDED9D461C429C0D0079BFC5 /* FirstAppTest.app */;
			productType = "com.apple.product-type.application";
		};
/* End PBXNativeTarget section */

/* Begin PBXProject section */
		FDED9D3E1C429C0D0079BFC5 /* Project object */ = {
			isa = PBXProject;
			attributes = {
				LastUpgradeCheck = 0720;
				ORGANIZATIONNAME = thanksdanny;
				TargetAttributes = {
					FDED9D451C429C0D0079BFC5 = {
						CreatedOnToolsVersion = 7.2;
					};
				};
			};
			buildConfigurationList = FDED9D411C429C0D0079BFC5 /* Build configuration list for PBXProject "FirstAppTest" */;
			compatibilityVersion = "Xcode 3.2";
			developmentRegion = English;
			hasScannedForEncodings = 0;
			knownRegions = (
				en,
				Base,
			);
			mainGroup = FDED9D3D1C429C0D0079BFC5;
			productRefGroup = FDED9D471C429C0D0079BFC5 /* Products */;
			projectDirPath = "";
			projectRoot = "";
			targets = (
				FDED9D451C429C0D0079BFC5 /* FirstAppTest */,
			);
		};
/* End PBXProject section */

/* Begin PBXResourcesBuildPhase section */
		FDED9D441C429C0D0079BFC5 /* Resources */ = {
			isa = PBXResourcesBuildPhase;
			buildActionMask = 2147483647;
			files = (
				FDED9D591C429C0D0079BFC5 /* LaunchScreen.storyboard in Resources */,
				FDED9D561C429C0D0079BFC5 /* Assets.xcassets in Resources */,
				FDED9D541C429C0D0079BFC5 /* Main.storyboard in Resources */,
			);
			runOnlyForDeploymentPostprocessing = 0;
		};
/* End PBXResourcesBuildPhase section */

/* Begin PBXSourcesBuildPhase section */
		FDED9D421C429C0D0079BFC5 /* Sources */ = {
			isa = PBXSourcesBuildPhase;
			buildActionMask = 2147483647;
			files = (
				FDCCC0231C46797C0011E7B2 /* ToDoItem.m in Sources */,
				FDED9D651C42AC490079BFC5 /* ToDoListViewController.m in Sources */,
				FDED9D4E1C429C0D0079BFC5 /* AppDelegate.m in Sources */,
				FDED9D4B1C429C0D0079BFC5 /* main.m in Sources */,
				FDED9D621C42A9CC0079BFC5 /* AddToDoItemViewController.m in Sources */,
			);
			runOnlyForDeploymentPostprocessing = 0;
		};
/* End PBXSourcesBuildPhase section */

/* Begin PBXVariantGroup section */
		FDED9D521C429C0D0079BFC5 /* Main.storyboard */ = {
			isa = PBXVariantGroup;
			children = (
				FDED9D531C429C0D0079BFC5 /* Base */,
			);
			name = Main.storyboard;
			sourceTree = "<group>";
		};
		FDED9D571C429C0D0079BFC5 /* LaunchScreen.storyboard */ = {
			isa = PBXVariantGroup;
			children = (
				FDED9D581C429C0D0079BFC5 /* Base */,
			);
			name = LaunchScreen.storyboard;
			sourceTree = "<group>";
		};
/* End PBXVariantGroup section */

/* Begin XCBuildConfiguration section */
		FDED9D5B1C429C0D0079BFC5 /* Debug */ = {
			isa = XCBuildConfiguration;
			buildSettings = {
				ALWAYS_SEARCH_USER_PATHS = NO;
				CLANG_CXX_LANGUAGE_STANDARD = "gnu++0x";
				CLANG_CXX_LIBRARY = "libc++";
				CLANG_ENABLE_MODULES = YES;
				CLANG_ENABLE_OBJC_ARC = YES;
				CLANG_WARN_BOOL_CONVERSION = YES;
				CLANG_WARN_CONSTANT_CONVERSION = YES;
				CLANG_WARN_DIRECT_OBJC_ISA_USAGE = YES_ERROR;
				CLANG_WARN_EMPTY_BODY = YES;
				CLANG_WARN_ENUM_CONVERSION = YES;
				CLANG_WARN_INT_CONVERSION = YES;
				CLANG_WARN_OBJC_ROOT_CLASS = YES_ERROR;
				CLANG_WARN_UNREACHABLE_CODE = YES;
				CLANG_WARN__DUPLICATE_METHOD_MATCH = YES;
				"CODE_SIGN_IDENTITY[sdk=iphoneos*]" = "iPhone Developer";
				COPY_PHASE_STRIP = NO;
				DEBUG_INFORMATION_FORMAT = dwarf;
				ENABLE_STRICT_OBJC_MSGSEND = YES;
				ENABLE_TESTABILITY = YES;
				GCC_C_LANGUAGE_STANDARD = gnu99;
				GCC_DYNAMIC_NO_PIC = NO;
				GCC_NO_COMMON_BLOCKS = YES;
				GCC_OPTIMIZATION_LEVEL = 0;
				GCC_PREPROCESSOR_DEFINITIONS = (
					"DEBUG=1",
					"$(inherited)",
				);
				GCC_WARN_64_TO_32_BIT_CONVERSION = YES;
				GCC_WARN_ABOUT_RETURN_TYPE = YES_ERROR;
				GCC_WARN_UNDECLARED_SELECTOR = YES;
				GCC_WARN_UNINITIALIZED_AUTOS = YES_AGGRESSIVE;
				GCC_WARN_UNUSED_FUNCTION = YES;
				GCC_WARN_UNUSED_VARIABLE = YES;
				IPHONEOS_DEPLOYMENT_TARGET = 9.2;
				MTL_ENABLE_DEBUG_INFO = YES;
				ONLY_ACTIVE_ARCH = YES;
				SDKROOT = iphoneos;
				TARGETED_DEVICE_FAMILY = "1,2";
			};
			name = Debug;
		};
		FDED9D5C1C429C0D0079BFC5 /* Release */ = {
			isa = XCBuildConfiguration;
			buildSettings = {
				ALWAYS_SEARCH_USER_PATHS = NO;
				CLANG_CXX_LANGUAGE_STANDARD = "gnu++0x";
				CLANG_CXX_LIBRARY = "libc++";
				CLANG_ENABLE_MODULES = YES;
				CLANG_ENABLE_OBJC_ARC = YES;
				CLANG_WARN_BOOL_CONVERSION = YES;
				CLANG_WARN_CONSTANT_CONVERSION = YES;
				CLANG_WARN_DIRECT_OBJC_ISA_USAGE = YES_ERROR;
				CLANG_WARN_EMPTY_BODY = YES;
				CLANG_WARN_ENUM_CONVERSION = YES;
				CLANG_WARN_INT_CONVERSION = YES;
				CLANG_WARN_OBJC_ROOT_CLASS = YES_ERROR;
				CLANG_WARN_UNREACHABLE_CODE = YES;
				CLANG_WARN__DUPLICATE_METHOD_MATCH = YES;
				"CODE_SIGN_IDENTITY[sdk=iphoneos*]" = "iPhone Developer";
				COPY_PHASE_STRIP = NO;
				DEBUG_INFORMATION_FORMAT = "dwarf-with-dsym";
				ENABLE_NS_ASSERTIONS = NO;
				ENABLE_STRICT_OBJC_MSGSEND = YES;
				GCC_C_LANGUAGE_STANDARD = gnu99;
				GCC_NO_COMMON_BLOCKS = YES;
				GCC_WARN_64_TO_32_BIT_CONVERSION = YES;
				GCC_WARN_ABOUT_RETURN_TYPE = YES_ERROR;
				GCC_WARN_UNDECLARED_SELECTOR = YES;
				GCC_WARN_UNINITIALIZED_AUTOS = YES_AGGRESSIVE;
				GCC_WARN_UNUSED_FUNCTION = YES;
				GCC_WARN_UNUSED_VARIABLE = YES;
				IPHONEOS_DEPLOYMENT_TARGET = 9.2;
				MTL_ENABLE_DEBUG_INFO = NO;
				SDKROOT = iphoneos;
				TARGETED_DEVICE_FAMILY = "1,2";
				VALIDATE_PRODUCT = YES;
			};
			name = Release;
		};
		FDED9D5E1C429C0D0079BFC5 /* Debug */ = {
			isa = XCBuildConfiguration;
			buildSettings = {
				ASSETCATALOG_COMPILER_APPICON_NAME = AppIcon;
				INFOPLIST_FILE = FirstAppTest/Info.plist;
				LD_RUNPATH_SEARCH_PATHS = "$(inherited) @executable_path/Frameworks";
				PRODUCT_BUNDLE_IDENTIFIER = com.thanksdanny.FirstAppTest;
				PRODUCT_NAME = "$(TARGET_NAME)";
			};
			name = Debug;
		};
		FDED9D5F1C429C0D0079BFC5 /* Release */ = {
			isa = XCBuildConfiguration;
			buildSettings = {
				ASSETCATALOG_COMPILER_APPICON_NAME = AppIcon;
				INFOPLIST_FILE = FirstAppTest/Info.plist;
				LD_RUNPATH_SEARCH_PATHS = "$(inherited) @executable_path/Frameworks";
				PRODUCT_BUNDLE_IDENTIFIER = com.thanksdanny.FirstAppTest;
				PRODUCT_NAME = "$(TARGET_NAME)";
			};
			name = Release;
		};
/* End XCBuildConfiguration section */

/* Begin XCConfigurationList section */
		FDED9D411C429C0D0079BFC5 /* Build configuration list for PBXProject "FirstAppTest" */ = {
			isa = XCConfigurationList;
			buildConfigurations = (
				FDED9D5B1C429C0D0079BFC5 /* Debug */,
				FDED9D5C1C429C0D0079BFC5 /* Release */,
			);
			defaultConfigurationIsVisible = 0;
			defaultConfigurationName = Release;
		};
		FDED9D5D1C429C0D0079BFC5 /* Build configuration list for PBXNativeTarget "FirstAppTest" */ = {
			isa = XCConfigurationList;
			buildConfigurations = (
				FDED9D5E1C429C0D0079BFC5 /* Debug */,
				FDED9D5F1C429C0D0079BFC5 /* Release */,
			);
			defaultConfigurationIsVisible = 0;
			defaultConfigurationName = Release;
		};
/* End XCConfigurationList section */
	};
	rootObject = FDED9D3E1C429C0D0079BFC5 /* Project object */;
}
